
Microsoft Visual Studio Solution File, Format Version 12.00
# Visual Studio 2013
VisualStudioVersion = 12.0.31101.0
MinimumVisualStudioVersion = 10.0.40219.1
Project("{FAE04EC0-301F-11D3-BF4B-00C04F79EFBC}") = "Alba.CsConsoleFormat", "Alba.CsConsoleFormat\Alba.CsConsoleFormat.csproj", "{15DF9206-BC6B-43B5-9B45-9F50B32C00F2}"
EndProject
Project("{2150E333-8FDC-42A3-9474-1A3956D46DE8}") = "Build", "Build", "{223EAB33-87FE-46F8-BC1E-3BEC4DDE782E}"
	ProjectSection(SolutionItems) = preProject
		Analysis\AlbaLibrary.ruleset = Analysis\AlbaLibrary.ruleset
		Build\Common.targets = Build\Common.targets
	EndProjectSection
EndProject
Project("{2150E333-8FDC-42A3-9474-1A3956D46DE8}") = ".git", ".git", "{77664CCE-A151-4179-9ED3-9786F72E11BF}"
	ProjectSection(SolutionItems) = preProject
		.gitignore = .gitignore
	EndProjectSection
EndProject
Project("{2150E333-8FDC-42A3-9474-1A3956D46DE8}") = "Global", "Global", "{B82057D6-FEAE-4361-8A97-6C5C896EFB3C}"
	ProjectSection(SolutionItems) = preProject
		License.md = License.md
		ReadMe.md = ReadMe.md
	EndProjectSection
EndProject
Project("{FAE04EC0-301F-11D3-BF4B-00C04F79EFBC}") = "Alba.CsConsoleFormat.ConsoleTest", "Alba.CsConsoleFormat.ConsoleTest\Alba.CsConsoleFormat.ConsoleTest.csproj", "{D5446AC0-E4AD-44B2-AC2D-B1ED24667586}"
EndProject
Global
	GlobalSection(SolutionConfigurationPlatforms) = preSolution
		Debug|Any CPU = Debug|Any CPU
		Release|Any CPU = Release|Any CPU
	EndGlobalSection
	GlobalSection(ProjectConfigurationPlatforms) = postSolution
		{15DF9206-BC6B-43B5-9B45-9F50B32C00F2}.Debug|Any CPU.ActiveCfg = Debug|Any CPU
		{15DF9206-BC6B-43B5-9B45-9F50B32C00F2}.Debug|Any CPU.Build.0 = Debug|Any CPU
		{15DF9206-BC6B-43B5-9B45-9F50B32C00F2}.Release|Any CPU.ActiveCfg = Release|Any CPU
		{15DF9206-BC6B-43B5-9B45-9F50B32C00F2}.Release|Any CPU.Build.0 = Release|Any CPU
		{D5446AC0-E4AD-44B2-AC2D-B1ED24667586}.Debug|Any CPU.ActiveCfg = Debug|Any CPU
		{D5446AC0-E4AD-44B2-AC2D-B1ED24667586}.Debug|Any CPU.Build.0 = Debug|Any CPU
		{D5446AC0-E4AD-44B2-AC2D-B1ED24667586}.Release|Any CPU.ActiveCfg = Release|Any CPU
		{D5446AC0-E4AD-44B2-AC2D-B1ED24667586}.Release|Any CPU.Build.0 = Release|Any CPU
	EndGlobalSection
	GlobalSection(SolutionProperties) = preSolution
		HideSolutionNode = FALSE
	EndGlobalSection
EndGlobal
